// !$*UTF8*$!
{
	archiveVersion = 1;
	classes = {
	};
	objectVersion = 77;
	objects = {

/* Begin PBXBuildFile section */
		B61A785E2E818D7A00BC204C /* Gemfile in Resources */ = {isa = PBXBuildFile; fileRef = B61A785D2E818D7A00BC204C /* Gemfile */; };
		B61A78732E81C5B600BC204C /* .ruby-version in Resources */ = {isa = PBXBuildFile; fileRef = B61A78722E81C5B600BC204C /* .ruby-version */; };
/* End PBXBuildFile section */

/* Begin PBXContainerItemProxy section */
		B61A786A2E81928A00BC204C /* PBXContainerItemProxy */ = {
			isa = PBXContainerItemProxy;
			containerPortal = 367EC4872E7CB1AA008B22D1 /* Project object */;
			proxyType = 1;
			remoteGlobalIDString = 367EC48E2E7CB1AA008B22D1;
			remoteInfo = Altroo;
		};
/* End PBXContainerItemProxy section */

/* Begin PBXFileReference section */
		367EC48F2E7CB1AA008B22D1 /* Altroo.app */ = {isa = PBXFileReference; explicitFileType = wrapper.application; includeInIndex = 0; path = Altroo.app; sourceTree = BUILT_PRODUCTS_DIR; };
		B61A785C2E818C7B00BC204C /* pullRequest.yml */ = {isa = PBXFileReference; lastKnownFileType = text.yaml; path = pullRequest.yml; sourceTree = "<group>"; };
		B61A785D2E818D7A00BC204C /* Gemfile */ = {isa = PBXFileReference; lastKnownFileType = text; path = Gemfile; sourceTree = "<group>"; };
		B61A78602E818E9800BC204C /* Fastfile */ = {isa = PBXFileReference; lastKnownFileType = text; path = Fastfile; sourceTree = "<group>"; };
		B61A78612E818EA300BC204C /* Scanfile */ = {isa = PBXFileReference; lastKnownFileType = text; path = Scanfile; sourceTree = "<group>"; };
		B61A78662E81928A00BC204C /* AltrooTests.xctest */ = {isa = PBXFileReference; explicitFileType = wrapper.cfbundle; includeInIndex = 0; path = AltrooTests.xctest; sourceTree = BUILT_PRODUCTS_DIR; };
		B61A78722E81C5B600BC204C /* .ruby-version */ = {isa = PBXFileReference; lastKnownFileType = text; path = ".ruby-version"; sourceTree = "<group>"; };
/* End PBXFileReference section */

/* Begin PBXFileSystemSynchronizedBuildFileExceptionSet section */
		367EC4A42E7CB1AC008B22D1 /* Exceptions for "Altroo" folder in "Altroo" target */ = {
			isa = PBXFileSystemSynchronizedBuildFileExceptionSet;
			membershipExceptions = (
				Resources/Info.plist,
			);
			target = 367EC48E2E7CB1AA008B22D1 /* Altroo */;
		};
/* End PBXFileSystemSynchronizedBuildFileExceptionSet section */

/* Begin PBXFileSystemSynchronizedRootGroup section */
		367EC4912E7CB1AA008B22D1 /* Altroo */ = {
			isa = PBXFileSystemSynchronizedRootGroup;
			exceptions = (
				367EC4A42E7CB1AC008B22D1 /* Exceptions for "Altroo" folder in "Altroo" target */,
			);
			path = Altroo;
			sourceTree = "<group>";
		};
		B61A78672E81928A00BC204C /* AltrooTests */ = {
			isa = PBXFileSystemSynchronizedRootGroup;
			path = AltrooTests;
			sourceTree = "<group>";
		};
/* End PBXFileSystemSynchronizedRootGroup section */

/* Begin PBXFrameworksBuildPhase section */
		367EC48C2E7CB1AA008B22D1 /* Frameworks */ = {
			isa = PBXFrameworksBuildPhase;
			buildActionMask = 2147483647;
			files = (
			);
			runOnlyForDeploymentPostprocessing = 0;
		};
		B61A78632E81928A00BC204C /* Frameworks */ = {
			isa = PBXFrameworksBuildPhase;
			buildActionMask = 2147483647;
			files = (
			);
			runOnlyForDeploymentPostprocessing = 0;
		};
/* End PBXFrameworksBuildPhase section */

/* Begin PBXGroup section */
		367EC4862E7CB1AA008B22D1 = {
			isa = PBXGroup;
			children = (
				B61A78722E81C5B600BC204C /* .ruby-version */,
				B61A785F2E818E8E00BC204C /* Fastlane */,
				B61A785A2E818C5600BC204C /* .github */,
				367EC4912E7CB1AA008B22D1 /* Altroo */,
				B61A78672E81928A00BC204C /* AltrooTests */,
				367EC4902E7CB1AA008B22D1 /* Products */,
				B61A785D2E818D7A00BC204C /* Gemfile */,
			);
			sourceTree = "<group>";
		};
		367EC4902E7CB1AA008B22D1 /* Products */ = {
			isa = PBXGroup;
			children = (
				367EC48F2E7CB1AA008B22D1 /* Altroo.app */,
				B61A78662E81928A00BC204C /* AltrooTests.xctest */,
			);
			name = Products;
			sourceTree = "<group>";
		};
		B61A785A2E818C5600BC204C /* .github */ = {
			isa = PBXGroup;
			children = (
				B61A785B2E818C6300BC204C /* workflows */,
			);
			path = .github;
			sourceTree = "<group>";
		};
		B61A785B2E818C6300BC204C /* workflows */ = {
			isa = PBXGroup;
			children = (
				B61A785C2E818C7B00BC204C /* pullRequest.yml */,
			);
			path = workflows;
			sourceTree = "<group>";
		};
		B61A785F2E818E8E00BC204C /* Fastlane */ = {
			isa = PBXGroup;
			children = (
				B61A78612E818EA300BC204C /* Scanfile */,
				B61A78602E818E9800BC204C /* Fastfile */,
			);
			path = Fastlane;
			sourceTree = "<group>";
		};
/* End PBXGroup section */

/* Begin PBXNativeTarget section */
		367EC48E2E7CB1AA008B22D1 /* Altroo */ = {
			isa = PBXNativeTarget;
			buildConfigurationList = 367EC4A52E7CB1AC008B22D1 /* Build configuration list for PBXNativeTarget "Altroo" */;
			buildPhases = (
				367EC48B2E7CB1AA008B22D1 /* Sources */,
				367EC48C2E7CB1AA008B22D1 /* Frameworks */,
				367EC48D2E7CB1AA008B22D1 /* Resources */,
			);
			buildRules = (
			);
			dependencies = (
			);
			fileSystemSynchronizedGroups = (
				367EC4912E7CB1AA008B22D1 /* Altroo */,
			);
			name = Altroo;
			packageProductDependencies = (
			);
			productName = Altroo;
			productReference = 367EC48F2E7CB1AA008B22D1 /* Altroo.app */;
			productType = "com.apple.product-type.application";
		};
		B61A78652E81928A00BC204C /* AltrooTests */ = {
			isa = PBXNativeTarget;
			buildConfigurationList = B61A786C2E81928A00BC204C /* Build configuration list for PBXNativeTarget "AltrooTests" */;
			buildPhases = (
				B61A78622E81928A00BC204C /* Sources */,
				B61A78632E81928A00BC204C /* Frameworks */,
				B61A78642E81928A00BC204C /* Resources */,
			);
			buildRules = (
			);
			dependencies = (
				B61A786B2E81928A00BC204C /* PBXTargetDependency */,
			);
			fileSystemSynchronizedGroups = (
				B61A78672E81928A00BC204C /* AltrooTests */,
			);
			name = AltrooTests;
			packageProductDependencies = (
			);
			productName = AltrooTests;
			productReference = B61A78662E81928A00BC204C /* AltrooTests.xctest */;
			productType = "com.apple.product-type.bundle.unit-test";
		};
/* End PBXNativeTarget section */

/* Begin PBXProject section */
		367EC4872E7CB1AA008B22D1 /* Project object */ = {
			isa = PBXProject;
			attributes = {
				BuildIndependentTargetsInParallel = 1;
				LastSwiftUpdateCheck = 1620;
				LastUpgradeCheck = 1640;
				TargetAttributes = {
					367EC48E2E7CB1AA008B22D1 = {
						CreatedOnToolsVersion = 16.4;
					};
					B61A78652E81928A00BC204C = {
						CreatedOnToolsVersion = 16.2;
						TestTargetID = 367EC48E2E7CB1AA008B22D1;
					};
				};
			};
			buildConfigurationList = 367EC48A2E7CB1AA008B22D1 /* Build configuration list for PBXProject "Altroo" */;
			developmentRegion = "pt-BR";
			hasScannedForEncodings = 0;
			knownRegions = (
				en,
				Base,
				"pt-BR",
			);
			mainGroup = 367EC4862E7CB1AA008B22D1;
			minimizedProjectReferenceProxies = 1;
			preferredProjectObjectVersion = 77;
			productRefGroup = 367EC4902E7CB1AA008B22D1 /* Products */;
			projectDirPath = "";
			projectRoot = "";
			targets = (
				367EC48E2E7CB1AA008B22D1 /* Altroo */,
				B61A78652E81928A00BC204C /* AltrooTests */,
			);
		};
/* End PBXProject section */

/* Begin PBXResourcesBuildPhase section */
		367EC48D2E7CB1AA008B22D1 /* Resources */ = {
			isa = PBXResourcesBuildPhase;
			buildActionMask = 2147483647;
			files = (
				B61A785E2E818D7A00BC204C /* Gemfile in Resources */,
				B61A78732E81C5B600BC204C /* .ruby-version in Resources */,
			);
			runOnlyForDeploymentPostprocessing = 0;
		};
		B61A78642E81928A00BC204C /* Resources */ = {
			isa = PBXResourcesBuildPhase;
			buildActionMask = 2147483647;
			files = (
			);
			runOnlyForDeploymentPostprocessing = 0;
		};
/* End PBXResourcesBuildPhase section */

/* Begin PBXSourcesBuildPhase section */
		367EC48B2E7CB1AA008B22D1 /* Sources */ = {
			isa = PBXSourcesBuildPhase;
			buildActionMask = 2147483647;
			files = (
			);
			runOnlyForDeploymentPostprocessing = 0;
		};
		B61A78622E81928A00BC204C /* Sources */ = {
			isa = PBXSourcesBuildPhase;
			buildActionMask = 2147483647;
			files = (
			);
			runOnlyForDeploymentPostprocessing = 0;
		};
/* End PBXSourcesBuildPhase section */

/* Begin PBXTargetDependency section */
		B61A786B2E81928A00BC204C /* PBXTargetDependency */ = {
			isa = PBXTargetDependency;
			target = 367EC48E2E7CB1AA008B22D1 /* Altroo */;
			targetProxy = B61A786A2E81928A00BC204C /* PBXContainerItemProxy */;
		};
/* End PBXTargetDependency section */

/* Begin XCBuildConfiguration section */
		367EC4A62E7CB1AC008B22D1 /* Debug */ = {
			isa = XCBuildConfiguration;
			buildSettings = {
				ASSETCATALOG_COMPILER_APPICON_NAME = AppIcon;
				ASSETCATALOG_COMPILER_GLOBAL_ACCENT_COLOR_NAME = AccentColor;
				CODE_SIGN_ENTITLEMENTS = Altroo/AltrooDebug.entitlements;
				CODE_SIGN_STYLE = Automatic;
				CURRENT_PROJECT_VERSION = 1;
				DEVELOPMENT_TEAM = 2BF575N85D;
				GENERATE_INFOPLIST_FILE = YES;
				INFOPLIST_FILE = Altroo/Resources/Info.plist;
				INFOPLIST_KEY_CFBundleDisplayName = Altroo;
				INFOPLIST_KEY_LSApplicationCategoryType = "public.app-category.medical";
				INFOPLIST_KEY_UIApplicationSupportsIndirectInputEvents = YES;
				INFOPLIST_KEY_UILaunchStoryboardName = LaunchScreen;
				INFOPLIST_KEY_UIRequiresFullScreen = YES;
				INFOPLIST_KEY_UIStatusBarStyle = "";
				INFOPLIST_KEY_UISupportedInterfaceOrientations = UIInterfaceOrientationPortrait;
				INFOPLIST_KEY_UISupportedInterfaceOrientations_iPad = "UIInterfaceOrientationPortrait UIInterfaceOrientationPortraitUpsideDown";
				INFOPLIST_KEY_UIUserInterfaceStyle = Light;
				IPHONEOS_DEPLOYMENT_TARGET = 16.1;
				LD_RUNPATH_SEARCH_PATHS = (
					"$(inherited)",
					"@executable_path/Frameworks",
				);
				MARKETING_VERSION = 1.0.1;
				PRODUCT_BUNDLE_IDENTIFIER = IzadoraMontenegro.Altroohihi;
				PRODUCT_NAME = "$(TARGET_NAME)";
				SWIFT_EMIT_LOC_STRINGS = YES;
				SWIFT_VERSION = 5.0;
				TARGETED_DEVICE_FAMILY = "1,2";
			};
			name = Debug;
		};
		367EC4A72E7CB1AC008B22D1 /* Release */ = {
			isa = XCBuildConfiguration;
			buildSettings = {
				ASSETCATALOG_COMPILER_APPICON_NAME = AppIcon;
				ASSETCATALOG_COMPILER_GLOBAL_ACCENT_COLOR_NAME = AccentColor;
				CODE_SIGN_ENTITLEMENTS = Altroo/Altroo.entitlements;
				CODE_SIGN_STYLE = Automatic;
				CURRENT_PROJECT_VERSION = 1;
				DEVELOPMENT_TEAM = R45K4498NN;
				GENERATE_INFOPLIST_FILE = YES;
				INFOPLIST_FILE = Altroo/Resources/Info.plist;
				INFOPLIST_KEY_CFBundleDisplayName = Altroo;
				INFOPLIST_KEY_LSApplicationCategoryType = "public.app-category.medical";
				INFOPLIST_KEY_UIApplicationSupportsIndirectInputEvents = YES;
				INFOPLIST_KEY_UILaunchStoryboardName = LaunchScreen;
				INFOPLIST_KEY_UIRequiresFullScreen = YES;
				INFOPLIST_KEY_UIStatusBarStyle = "";
				INFOPLIST_KEY_UISupportedInterfaceOrientations = UIInterfaceOrientationPortrait;
				INFOPLIST_KEY_UISupportedInterfaceOrientations_iPad = "UIInterfaceOrientationPortrait UIInterfaceOrientationPortraitUpsideDown";
				INFOPLIST_KEY_UIUserInterfaceStyle = Light;
				IPHONEOS_DEPLOYMENT_TARGET = 16.1;
				LD_RUNPATH_SEARCH_PATHS = (
					"$(inherited)",
					"@executable_path/Frameworks",
				);
				MARKETING_VERSION = 1.0.1;
				PRODUCT_BUNDLE_IDENTIFIER = IzadoraMontenegro.Altroo;
				PRODUCT_NAME = "$(TARGET_NAME)";
				SWIFT_EMIT_LOC_STRINGS = YES;
				SWIFT_VERSION = 5.0;
				TARGETED_DEVICE_FAMILY = "1,2";
			};
			name = Release;
		};
		367EC4A82E7CB1AC008B22D1 /* Debug */ = {
			isa = XCBuildConfiguration;
			buildSettings = {
				ALWAYS_SEARCH_USER_PATHS = NO;
				ASSETCATALOG_COMPILER_GENERATE_SWIFT_ASSET_SYMBOL_EXTENSIONS = YES;
				CLANG_ANALYZER_NONNULL = YES;
				CLANG_ANALYZER_NUMBER_OBJECT_CONVERSION = YES_AGGRESSIVE;
				CLANG_CXX_LANGUAGE_STANDARD = "gnu++20";
				CLANG_ENABLE_MODULES = YES;
				CLANG_ENABLE_OBJC_ARC = YES;
				CLANG_ENABLE_OBJC_WEAK = YES;
				CLANG_WARN_BLOCK_CAPTURE_AUTORELEASING = YES;
				CLANG_WARN_BOOL_CONVERSION = YES;
				CLANG_WARN_COMMA = YES;
				CLANG_WARN_CONSTANT_CONVERSION = YES;
				CLANG_WARN_DEPRECATED_OBJC_IMPLEMENTATIONS = YES;
				CLANG_WARN_DIRECT_OBJC_ISA_USAGE = YES_ERROR;
				CLANG_WARN_DOCUMENTATION_COMMENTS = YES;
				CLANG_WARN_EMPTY_BODY = YES;
				CLANG_WARN_ENUM_CONVERSION = YES;
				CLANG_WARN_INFINITE_RECURSION = YES;
				CLANG_WARN_INT_CONVERSION = YES;
				CLANG_WARN_NON_LITERAL_NULL_CONVERSION = YES;
				CLANG_WARN_OBJC_IMPLICIT_RETAIN_SELF = YES;
				CLANG_WARN_OBJC_LITERAL_CONVERSION = YES;
				CLANG_WARN_OBJC_ROOT_CLASS = YES_ERROR;
				CLANG_WARN_QUOTED_INCLUDE_IN_FRAMEWORK_HEADER = YES;
				CLANG_WARN_RANGE_LOOP_ANALYSIS = YES;
				CLANG_WARN_STRICT_PROTOTYPES = YES;
				CLANG_WARN_SUSPICIOUS_MOVE = YES;
				CLANG_WARN_UNGUARDED_AVAILABILITY = YES_AGGRESSIVE;
				CLANG_WARN_UNREACHABLE_CODE = YES;
				CLANG_WARN__DUPLICATE_METHOD_MATCH = YES;
				COPY_PHASE_STRIP = NO;
				DEBUG_INFORMATION_FORMAT = dwarf;
				DEVELOPMENT_TEAM = 2BF575N85D;
				ENABLE_STRICT_OBJC_MSGSEND = YES;
				ENABLE_TESTABILITY = YES;
				ENABLE_USER_SCRIPT_SANDBOXING = YES;
				GCC_C_LANGUAGE_STANDARD = gnu17;
				GCC_DYNAMIC_NO_PIC = NO;
				GCC_NO_COMMON_BLOCKS = YES;
				GCC_OPTIMIZATION_LEVEL = 0;
				GCC_PREPROCESSOR_DEFINITIONS = (
					"DEBUG=1",
					"$(inherited)",
				);
				GCC_WARN_64_TO_32_BIT_CONVERSION = YES;
				GCC_WARN_ABOUT_RETURN_TYPE = YES_ERROR;
				GCC_WARN_UNDECLARED_SELECTOR = YES;
				GCC_WARN_UNINITIALIZED_AUTOS = YES_AGGRESSIVE;
				GCC_WARN_UNUSED_FUNCTION = YES;
				GCC_WARN_UNUSED_VARIABLE = YES;
				IPHONEOS_DEPLOYMENT_TARGET = 18.5;
				LOCALIZATION_PREFERS_STRING_CATALOGS = YES;
				MTL_ENABLE_DEBUG_INFO = INCLUDE_SOURCE;
				MTL_FAST_MATH = YES;
				ONLY_ACTIVE_ARCH = YES;
				SDKROOT = iphoneos;
				SWIFT_ACTIVE_COMPILATION_CONDITIONS = "DEBUG $(inherited)";
				SWIFT_OPTIMIZATION_LEVEL = "-Onone";
			};
			name = Debug;
		};
		367EC4A92E7CB1AC008B22D1 /* Release */ = {
			isa = XCBuildConfiguration;
			buildSettings = {
				ALWAYS_SEARCH_USER_PATHS = NO;
				ASSETCATALOG_COMPILER_GENERATE_SWIFT_ASSET_SYMBOL_EXTENSIONS = YES;
				CLANG_ANALYZER_NONNULL = YES;
				CLANG_ANALYZER_NUMBER_OBJECT_CONVERSION = YES_AGGRESSIVE;
				CLANG_CXX_LANGUAGE_STANDARD = "gnu++20";
				CLANG_ENABLE_MODULES = YES;
				CLANG_ENABLE_OBJC_ARC = YES;
				CLANG_ENABLE_OBJC_WEAK = YES;
				CLANG_WARN_BLOCK_CAPTURE_AUTORELEASING = YES;
				CLANG_WARN_BOOL_CONVERSION = YES;
				CLANG_WARN_COMMA = YES;
				CLANG_WARN_CONSTANT_CONVERSION = YES;
				CLANG_WARN_DEPRECATED_OBJC_IMPLEMENTATIONS = YES;
				CLANG_WARN_DIRECT_OBJC_ISA_USAGE = YES_ERROR;
				CLANG_WARN_DOCUMENTATION_COMMENTS = YES;
				CLANG_WARN_EMPTY_BODY = YES;
				CLANG_WARN_ENUM_CONVERSION = YES;
				CLANG_WARN_INFINITE_RECURSION = YES;
				CLANG_WARN_INT_CONVERSION = YES;
				CLANG_WARN_NON_LITERAL_NULL_CONVERSION = YES;
				CLANG_WARN_OBJC_IMPLICIT_RETAIN_SELF = YES;
				CLANG_WARN_OBJC_LITERAL_CONVERSION = YES;
				CLANG_WARN_OBJC_ROOT_CLASS = YES_ERROR;
				CLANG_WARN_QUOTED_INCLUDE_IN_FRAMEWORK_HEADER = YES;
				CLANG_WARN_RANGE_LOOP_ANALYSIS = YES;
				CLANG_WARN_STRICT_PROTOTYPES = YES;
				CLANG_WARN_SUSPICIOUS_MOVE = YES;
				CLANG_WARN_UNGUARDED_AVAILABILITY = YES_AGGRESSIVE;
				CLANG_WARN_UNREACHABLE_CODE = YES;
				CLANG_WARN__DUPLICATE_METHOD_MATCH = YES;
				COPY_PHASE_STRIP = NO;
				DEBUG_INFORMATION_FORMAT = "dwarf-with-dsym";
				DEVELOPMENT_TEAM = 2BF575N85D;
				ENABLE_NS_ASSERTIONS = NO;
				ENABLE_STRICT_OBJC_MSGSEND = YES;
				ENABLE_USER_SCRIPT_SANDBOXING = YES;
				GCC_C_LANGUAGE_STANDARD = gnu17;
				GCC_NO_COMMON_BLOCKS = YES;
				GCC_WARN_64_TO_32_BIT_CONVERSION = YES;
				GCC_WARN_ABOUT_RETURN_TYPE = YES_ERROR;
				GCC_WARN_UNDECLARED_SELECTOR = YES;
				GCC_WARN_UNINITIALIZED_AUTOS = YES_AGGRESSIVE;
				GCC_WARN_UNUSED_FUNCTION = YES;
				GCC_WARN_UNUSED_VARIABLE = YES;
				IPHONEOS_DEPLOYMENT_TARGET = 18.5;
				LOCALIZATION_PREFERS_STRING_CATALOGS = YES;
				MTL_ENABLE_DEBUG_INFO = NO;
				MTL_FAST_MATH = YES;
				SDKROOT = iphoneos;
				SWIFT_COMPILATION_MODE = wholemodule;
				VALIDATE_PRODUCT = YES;
			};
			name = Release;
		};
		B61A786D2E81928A00BC204C /* Debug */ = {
			isa = XCBuildConfiguration;
			buildSettings = {
				BUNDLE_LOADER = "$(TEST_HOST)";
				CODE_SIGN_STYLE = Automatic;
				CURRENT_PROJECT_VERSION = 1;
				DEVELOPMENT_TEAM = 2BF575N85D;
				GENERATE_INFOPLIST_FILE = YES;
				IPHONEOS_DEPLOYMENT_TARGET = 16.0;
				MARKETING_VERSION = 1.0;
				PRODUCT_BUNDLE_IDENTIFIER = RaissaParente.AltrooTests;
				PRODUCT_NAME = "$(TARGET_NAME)";
				SWIFT_EMIT_LOC_STRINGS = NO;
				SWIFT_VERSION = 5.0;
				TARGETED_DEVICE_FAMILY = "1,2";
				TEST_HOST = "$(BUILT_PRODUCTS_DIR)/Altroo.app/$(BUNDLE_EXECUTABLE_FOLDER_PATH)/Altroo";
			};
			name = Debug;
		};
		B61A786E2E81928A00BC204C /* Release */ = {
			isa = XCBuildConfiguration;
			buildSettings = {
				BUNDLE_LOADER = "$(TEST_HOST)";
				CODE_SIGN_STYLE = Automatic;
				CURRENT_PROJECT_VERSION = 1;
				DEVELOPMENT_TEAM = R45K4498NN;
				GENERATE_INFOPLIST_FILE = YES;
				IPHONEOS_DEPLOYMENT_TARGET = 16.0;
				MARKETING_VERSION = 1.0;
				PRODUCT_BUNDLE_IDENTIFIER = RaissaParente.AltrooTests;
				PRODUCT_NAME = "$(TARGET_NAME)";
				SWIFT_EMIT_LOC_STRINGS = NO;
				SWIFT_VERSION = 5.0;
				TARGETED_DEVICE_FAMILY = "1,2";
				TEST_HOST = "$(BUILT_PRODUCTS_DIR)/Altroo.app/$(BUNDLE_EXECUTABLE_FOLDER_PATH)/Altroo";
			};
			name = Release;
		};
/* End XCBuildConfiguration section */

/* Begin XCConfigurationList section */
		367EC48A2E7CB1AA008B22D1 /* Build configuration list for PBXProject "Altroo" */ = {
			isa = XCConfigurationList;
			buildConfigurations = (
				367EC4A82E7CB1AC008B22D1 /* Debug */,
				367EC4A92E7CB1AC008B22D1 /* Release */,
			);
			defaultConfigurationIsVisible = 0;
			defaultConfigurationName = Release;
		};
		367EC4A52E7CB1AC008B22D1 /* Build configuration list for PBXNativeTarget "Altroo" */ = {
			isa = XCConfigurationList;
			buildConfigurations = (
				367EC4A62E7CB1AC008B22D1 /* Debug */,
				367EC4A72E7CB1AC008B22D1 /* Release */,
			);
			defaultConfigurationIsVisible = 0;
			defaultConfigurationName = Release;
		};
		B61A786C2E81928A00BC204C /* Build configuration list for PBXNativeTarget "AltrooTests" */ = {
			isa = XCConfigurationList;
			buildConfigurations = (
				B61A786D2E81928A00BC204C /* Debug */,
				B61A786E2E81928A00BC204C /* Release */,
			);
			defaultConfigurationIsVisible = 0;
			defaultConfigurationName = Release;
		};
/* End XCConfigurationList section */
	};
	rootObject = 367EC4872E7CB1AA008B22D1 /* Project object */;
}
